// !$*UTF8*$!
{
	archiveVersion = 1;
	classes = {
	};
	objectVersion = 56;
	objects = {

/* Begin PBXBuildFile section */
		E239BD5C2C25F55600D62B95 /* GigaWordstore.swift in Sources */ = {isa = PBXBuildFile; fileRef = E239BD5B2C25F55600D62B95 /* GigaWordstore.swift */; };
		E283146F2C21B37B00A6335D /* GigaWordApp.swift in Sources */ = {isa = PBXBuildFile; fileRef = E283146E2C21B37B00A6335D /* GigaWordApp.swift */; };
		E28314712C21B37B00A6335D /* ContentView.swift in Sources */ = {isa = PBXBuildFile; fileRef = E28314702C21B37B00A6335D /* ContentView.swift */; };
		E28314732C21B37C00A6335D /* Assets.xcassets in Resources */ = {isa = PBXBuildFile; fileRef = E28314722C21B37C00A6335D /* Assets.xcassets */; };
		E28314762C21B37C00A6335D /* Preview Assets.xcassets in Resources */ = {isa = PBXBuildFile; fileRef = E28314752C21B37C00A6335D /* Preview Assets.xcassets */; };
		E28314802C21B37D00A6335D /* GigaWordTests.swift in Sources */ = {isa = PBXBuildFile; fileRef = E283147F2C21B37D00A6335D /* GigaWordTests.swift */; };
		E283148A2C21B37D00A6335D /* GigaWordUITests.swift in Sources */ = {isa = PBXBuildFile; fileRef = E28314892C21B37D00A6335D /* GigaWordUITests.swift */; };
		E283148C2C21B37D00A6335D /* GigaWordUITestsLaunchTests.swift in Sources */ = {isa = PBXBuildFile; fileRef = E283148B2C21B37D00A6335D /* GigaWordUITestsLaunchTests.swift */; };
		E2860D2B2C25B0C80061E9B6 /* DuckDB in Frameworks */ = {isa = PBXBuildFile; productRef = E2860D2A2C25B0C80061E9B6 /* DuckDB */; };
		E2860D2F2C25D7730061E9B6 /* ErrorView.swift in Sources */ = {isa = PBXBuildFile; fileRef = E2860D2E2C25D7730061E9B6 /* ErrorView.swift */; };
		E2D7C1FA2C28B952008B4B24 /* GWData.bundle in Resources */ = {isa = PBXBuildFile; fileRef = E2D7C1F92C28B952008B4B24 /* GWData.bundle */; };
/* End PBXBuildFile section */

/* Begin PBXContainerItemProxy section */
		E283147C2C21B37D00A6335D /* PBXContainerItemProxy */ = {
			isa = PBXContainerItemProxy;
			containerPortal = E28314632C21B37B00A6335D /* Project object */;
			proxyType = 1;
			remoteGlobalIDString = E283146A2C21B37B00A6335D;
			remoteInfo = GigaWord;
		};
		E28314862C21B37D00A6335D /* PBXContainerItemProxy */ = {
			isa = PBXContainerItemProxy;
			containerPortal = E28314632C21B37B00A6335D /* Project object */;
			proxyType = 1;
			remoteGlobalIDString = E283146A2C21B37B00A6335D;
			remoteInfo = GigaWord;
		};
/* End PBXContainerItemProxy section */

/* Begin PBXFileReference section */
		E239BD5B2C25F55600D62B95 /* GigaWordstore.swift */ = {isa = PBXFileReference; fileEncoding = 4; lastKnownFileType = sourcecode.swift; path = GigaWordstore.swift; sourceTree = "<group>"; };
		E283146B2C21B37B00A6335D /* GigaWord.app */ = {isa = PBXFileReference; explicitFileType = wrapper.application; includeInIndex = 0; path = GigaWord.app; sourceTree = BUILT_PRODUCTS_DIR; };
		E283146E2C21B37B00A6335D /* GigaWordApp.swift */ = {isa = PBXFileReference; lastKnownFileType = sourcecode.swift; path = GigaWordApp.swift; sourceTree = "<group>"; };
		E28314702C21B37B00A6335D /* ContentView.swift */ = {isa = PBXFileReference; lastKnownFileType = sourcecode.swift; path = ContentView.swift; sourceTree = "<group>"; };
		E28314722C21B37C00A6335D /* Assets.xcassets */ = {isa = PBXFileReference; lastKnownFileType = folder.assetcatalog; path = Assets.xcassets; sourceTree = "<group>"; };
		E28314752C21B37C00A6335D /* Preview Assets.xcassets */ = {isa = PBXFileReference; lastKnownFileType = folder.assetcatalog; path = "Preview Assets.xcassets"; sourceTree = "<group>"; };
		E283147B2C21B37D00A6335D /* GigaWordTests.xctest */ = {isa = PBXFileReference; explicitFileType = wrapper.cfbundle; includeInIndex = 0; path = GigaWordTests.xctest; sourceTree = BUILT_PRODUCTS_DIR; };
		E283147F2C21B37D00A6335D /* GigaWordTests.swift */ = {isa = PBXFileReference; lastKnownFileType = sourcecode.swift; path = GigaWordTests.swift; sourceTree = "<group>"; };
		E28314852C21B37D00A6335D /* GigaWordUITests.xctest */ = {isa = PBXFileReference; explicitFileType = wrapper.cfbundle; includeInIndex = 0; path = GigaWordUITests.xctest; sourceTree = BUILT_PRODUCTS_DIR; };
		E28314892C21B37D00A6335D /* GigaWordUITests.swift */ = {isa = PBXFileReference; lastKnownFileType = sourcecode.swift; path = GigaWordUITests.swift; sourceTree = "<group>"; };
		E283148B2C21B37D00A6335D /* GigaWordUITestsLaunchTests.swift */ = {isa = PBXFileReference; lastKnownFileType = sourcecode.swift; path = GigaWordUITestsLaunchTests.swift; sourceTree = "<group>"; };
		E2860D2E2C25D7730061E9B6 /* ErrorView.swift */ = {isa = PBXFileReference; lastKnownFileType = sourcecode.swift; path = ErrorView.swift; sourceTree = "<group>"; };
		E2D7C1F92C28B952008B4B24 /* GWData.bundle */ = {isa = PBXFileReference; lastKnownFileType = "wrapper.plug-in"; name = GWData.bundle; path = ../../../Data/GWData.bundle; sourceTree = "<group>"; };
/* End PBXFileReference section */

/* Begin PBXFrameworksBuildPhase section */
		E28314682C21B37B00A6335D /* Frameworks */ = {
			isa = PBXFrameworksBuildPhase;
			buildActionMask = 2147483647;
			files = (
				E2860D2B2C25B0C80061E9B6 /* DuckDB in Frameworks */,
			);
			runOnlyForDeploymentPostprocessing = 0;
		};
		E28314782C21B37D00A6335D /* Frameworks */ = {
			isa = PBXFrameworksBuildPhase;
			buildActionMask = 2147483647;
			files = (
			);
			runOnlyForDeploymentPostprocessing = 0;
		};
		E28314822C21B37D00A6335D /* Frameworks */ = {
			isa = PBXFrameworksBuildPhase;
			buildActionMask = 2147483647;
			files = (
			);
			runOnlyForDeploymentPostprocessing = 0;
		};
/* End PBXFrameworksBuildPhase section */

/* Begin PBXGroup section */
		E28314622C21B37B00A6335D = {
			isa = PBXGroup;
			children = (
				E283146D2C21B37B00A6335D /* GigaWord */,
				E283147E2C21B37D00A6335D /* GigaWordTests */,
				E28314882C21B37D00A6335D /* GigaWordUITests */,
				E283146C2C21B37B00A6335D /* Products */,
			);
			sourceTree = "<group>";
		};
		E283146C2C21B37B00A6335D /* Products */ = {
			isa = PBXGroup;
			children = (
				E283146B2C21B37B00A6335D /* GigaWord.app */,
				E283147B2C21B37D00A6335D /* GigaWordTests.xctest */,
				E28314852C21B37D00A6335D /* GigaWordUITests.xctest */,
			);
			name = Products;
			sourceTree = "<group>";
		};
		E283146D2C21B37B00A6335D /* GigaWord */ = {
			isa = PBXGroup;
			children = (
				E2D7C1F92C28B952008B4B24 /* GWData.bundle */,
				E2860D2E2C25D7730061E9B6 /* ErrorView.swift */,
				E239BD5B2C25F55600D62B95 /* GigaWordstore.swift */,
				E283146E2C21B37B00A6335D /* GigaWordApp.swift */,
				E28314702C21B37B00A6335D /* ContentView.swift */,
				E28314722C21B37C00A6335D /* Assets.xcassets */,
				E28314742C21B37C00A6335D /* Preview Content */,
			);
			path = GigaWord;
			sourceTree = "<group>";
		};
		E28314742C21B37C00A6335D /* Preview Content */ = {
			isa = PBXGroup;
			children = (
				E28314752C21B37C00A6335D /* Preview Assets.xcassets */,
			);
			path = "Preview Content";
			sourceTree = "<group>";
		};
		E283147E2C21B37D00A6335D /* GigaWordTests */ = {
			isa = PBXGroup;
			children = (
				E283147F2C21B37D00A6335D /* GigaWordTests.swift */,
			);
			path = GigaWordTests;
			sourceTree = "<group>";
		};
		E28314882C21B37D00A6335D /* GigaWordUITests */ = {
			isa = PBXGroup;
			children = (
				E28314892C21B37D00A6335D /* GigaWordUITests.swift */,
				E283148B2C21B37D00A6335D /* GigaWordUITestsLaunchTests.swift */,
			);
			path = GigaWordUITests;
			sourceTree = "<group>";
		};
/* End PBXGroup section */

/* Begin PBXNativeTarget section */
		E283146A2C21B37B00A6335D /* GigaWord */ = {
			isa = PBXNativeTarget;
			buildConfigurationList = E283148F2C21B37D00A6335D /* Build configuration list for PBXNativeTarget "GigaWord" */;
			buildPhases = (
				E28314672C21B37B00A6335D /* Sources */,
				E28314682C21B37B00A6335D /* Frameworks */,
				E28314692C21B37B00A6335D /* Resources */,
			);
			buildRules = (
			);
			dependencies = (
			);
			name = GigaWord;
			packageProductDependencies = (
				E2860D2A2C25B0C80061E9B6 /* DuckDB */,
			);
			productName = GigaWord;
			productReference = E283146B2C21B37B00A6335D /* GigaWord.app */;
			productType = "com.apple.product-type.application";
		};
		E283147A2C21B37D00A6335D /* GigaWordTests */ = {
			isa = PBXNativeTarget;
			buildConfigurationList = E28314922C21B37D00A6335D /* Build configuration list for PBXNativeTarget "GigaWordTests" */;
			buildPhases = (
				E28314772C21B37D00A6335D /* Sources */,
				E28314782C21B37D00A6335D /* Frameworks */,
				E28314792C21B37D00A6335D /* Resources */,
			);
			buildRules = (
			);
			dependencies = (
				E283147D2C21B37D00A6335D /* PBXTargetDependency */,
			);
			name = GigaWordTests;
			productName = GigaWordTests;
			productReference = E283147B2C21B37D00A6335D /* GigaWordTests.xctest */;
			productType = "com.apple.product-type.bundle.unit-test";
		};
		E28314842C21B37D00A6335D /* GigaWordUITests */ = {
			isa = PBXNativeTarget;
			buildConfigurationList = E28314952C21B37D00A6335D /* Build configuration list for PBXNativeTarget "GigaWordUITests" */;
			buildPhases = (
				E28314812C21B37D00A6335D /* Sources */,
				E28314822C21B37D00A6335D /* Frameworks */,
				E28314832C21B37D00A6335D /* Resources */,
			);
			buildRules = (
			);
			dependencies = (
				E28314872C21B37D00A6335D /* PBXTargetDependency */,
			);
			name = GigaWordUITests;
			productName = GigaWordUITests;
			productReference = E28314852C21B37D00A6335D /* GigaWordUITests.xctest */;
			productType = "com.apple.product-type.bundle.ui-testing";
		};
/* End PBXNativeTarget section */

/* Begin PBXProject section */
		E28314632C21B37B00A6335D /* Project object */ = {
			isa = PBXProject;
			attributes = {
				BuildIndependentTargetsInParallel = 1;
				KnownAssetTags = (
					GWData,
				);
				LastSwiftUpdateCheck = 1540;
				LastUpgradeCheck = 1540;
				TargetAttributes = {
					E283146A2C21B37B00A6335D = {
						CreatedOnToolsVersion = 15.4;
					};
					E283147A2C21B37D00A6335D = {
						CreatedOnToolsVersion = 15.4;
						TestTargetID = E283146A2C21B37B00A6335D;
					};
					E28314842C21B37D00A6335D = {
						CreatedOnToolsVersion = 15.4;
						TestTargetID = E283146A2C21B37B00A6335D;
					};
				};
			};
			buildConfigurationList = E28314662C21B37B00A6335D /* Build configuration list for PBXProject "GigaWord" */;
			compatibilityVersion = "Xcode 14.0";
			developmentRegion = en;
			hasScannedForEncodings = 0;
			knownRegions = (
				en,
				Base,
			);
			mainGroup = E28314622C21B37B00A6335D;
			packageReferences = (
				E2860D292C25B0C80061E9B6 /* XCRemoteSwiftPackageReference "duckdb-swift" */,
			);
			productRefGroup = E283146C2C21B37B00A6335D /* Products */;
			projectDirPath = "";
			projectRoot = "";
			targets = (
				E283146A2C21B37B00A6335D /* GigaWord */,
				E283147A2C21B37D00A6335D /* GigaWordTests */,
				E28314842C21B37D00A6335D /* GigaWordUITests */,
			);
		};
/* End PBXProject section */

/* Begin PBXResourcesBuildPhase section */
		E28314692C21B37B00A6335D /* Resources */ = {
			isa = PBXResourcesBuildPhase;
			buildActionMask = 2147483647;
			files = (
				E2D7C1FA2C28B952008B4B24 /* GWData.bundle in Resources */,
				E28314762C21B37C00A6335D /* Preview Assets.xcassets in Resources */,
				E28314732C21B37C00A6335D /* Assets.xcassets in Resources */,
			);
			runOnlyForDeploymentPostprocessing = 0;
		};
		E28314792C21B37D00A6335D /* Resources */ = {
			isa = PBXResourcesBuildPhase;
			buildActionMask = 2147483647;
			files = (
			);
			runOnlyForDeploymentPostprocessing = 0;
		};
		E28314832C21B37D00A6335D /* Resources */ = {
			isa = PBXResourcesBuildPhase;
			buildActionMask = 2147483647;
			files = (
			);
			runOnlyForDeploymentPostprocessing = 0;
		};
/* End PBXResourcesBuildPhase section */

/* Begin PBXSourcesBuildPhase section */
		E28314672C21B37B00A6335D /* Sources */ = {
			isa = PBXSourcesBuildPhase;
			buildActionMask = 2147483647;
			files = (
				E28314712C21B37B00A6335D /* ContentView.swift in Sources */,
				E283146F2C21B37B00A6335D /* GigaWordApp.swift in Sources */,
				E2860D2F2C25D7730061E9B6 /* ErrorView.swift in Sources */,
				E239BD5C2C25F55600D62B95 /* GigaWordstore.swift in Sources */,
			);
			runOnlyForDeploymentPostprocessing = 0;
		};
		E28314772C21B37D00A6335D /* Sources */ = {
			isa = PBXSourcesBuildPhase;
			buildActionMask = 2147483647;
			files = (
				E28314802C21B37D00A6335D /* GigaWordTests.swift in Sources */,
			);
			runOnlyForDeploymentPostprocessing = 0;
		};
		E28314812C21B37D00A6335D /* Sources */ = {
			isa = PBXSourcesBuildPhase;
			buildActionMask = 2147483647;
			files = (
				E283148C2C21B37D00A6335D /* GigaWordUITestsLaunchTests.swift in Sources */,
				E283148A2C21B37D00A6335D /* GigaWordUITests.swift in Sources */,
			);
			runOnlyForDeploymentPostprocessing = 0;
		};
/* End PBXSourcesBuildPhase section */

/* Begin PBXTargetDependency section */
		E283147D2C21B37D00A6335D /* PBXTargetDependency */ = {
			isa = PBXTargetDependency;
			target = E283146A2C21B37B00A6335D /* GigaWord */;
			targetProxy = E283147C2C21B37D00A6335D /* PBXContainerItemProxy */;
		};
		E28314872C21B37D00A6335D /* PBXTargetDependency */ = {
			isa = PBXTargetDependency;
			target = E283146A2C21B37B00A6335D /* GigaWord */;
			targetProxy = E28314862C21B37D00A6335D /* PBXContainerItemProxy */;
		};
/* End PBXTargetDependency section */

/* Begin XCBuildConfiguration section */
		E283148D2C21B37D00A6335D /* Debug */ = {
			isa = XCBuildConfiguration;
			buildSettings = {
				ALWAYS_SEARCH_USER_PATHS = NO;
				ASSETCATALOG_COMPILER_GENERATE_SWIFT_ASSET_SYMBOL_EXTENSIONS = YES;
				CLANG_ANALYZER_NONNULL = YES;
				CLANG_ANALYZER_NUMBER_OBJECT_CONVERSION = YES_AGGRESSIVE;
				CLANG_CXX_LANGUAGE_STANDARD = "gnu++20";
				CLANG_ENABLE_MODULES = YES;
				CLANG_ENABLE_OBJC_ARC = YES;
				CLANG_ENABLE_OBJC_WEAK = YES;
				CLANG_WARN_BLOCK_CAPTURE_AUTORELEASING = YES;
				CLANG_WARN_BOOL_CONVERSION = YES;
				CLANG_WARN_COMMA = YES;
				CLANG_WARN_CONSTANT_CONVERSION = YES;
				CLANG_WARN_DEPRECATED_OBJC_IMPLEMENTATIONS = YES;
				CLANG_WARN_DIRECT_OBJC_ISA_USAGE = YES_ERROR;
				CLANG_WARN_DOCUMENTATION_COMMENTS = YES;
				CLANG_WARN_EMPTY_BODY = YES;
				CLANG_WARN_ENUM_CONVERSION = YES;
				CLANG_WARN_INFINITE_RECURSION = YES;
				CLANG_WARN_INT_CONVERSION = YES;
				CLANG_WARN_NON_LITERAL_NULL_CONVERSION = YES;
				CLANG_WARN_OBJC_IMPLICIT_RETAIN_SELF = YES;
				CLANG_WARN_OBJC_LITERAL_CONVERSION = YES;
				CLANG_WARN_OBJC_ROOT_CLASS = YES_ERROR;
				CLANG_WARN_QUOTED_INCLUDE_IN_FRAMEWORK_HEADER = YES;
				CLANG_WARN_RANGE_LOOP_ANALYSIS = YES;
				CLANG_WARN_STRICT_PROTOTYPES = YES;
				CLANG_WARN_SUSPICIOUS_MOVE = YES;
				CLANG_WARN_UNGUARDED_AVAILABILITY = YES_AGGRESSIVE;
				CLANG_WARN_UNREACHABLE_CODE = YES;
				CLANG_WARN__DUPLICATE_METHOD_MATCH = YES;
				COPY_PHASE_STRIP = NO;
				DEBUG_INFORMATION_FORMAT = dwarf;
				ENABLE_STRICT_OBJC_MSGSEND = YES;
				ENABLE_TESTABILITY = YES;
				ENABLE_USER_SCRIPT_SANDBOXING = YES;
				GCC_C_LANGUAGE_STANDARD = gnu17;
				GCC_DYNAMIC_NO_PIC = NO;
				GCC_NO_COMMON_BLOCKS = YES;
				GCC_OPTIMIZATION_LEVEL = 0;
				GCC_PREPROCESSOR_DEFINITIONS = (
					"DEBUG=1",
					"$(inherited)",
				);
				GCC_WARN_64_TO_32_BIT_CONVERSION = YES;
				GCC_WARN_ABOUT_RETURN_TYPE = YES_ERROR;
				GCC_WARN_UNDECLARED_SELECTOR = YES;
				GCC_WARN_UNINITIALIZED_AUTOS = YES_AGGRESSIVE;
				GCC_WARN_UNUSED_FUNCTION = YES;
				GCC_WARN_UNUSED_VARIABLE = YES;
				IPHONEOS_DEPLOYMENT_TARGET = 17.5;
				LOCALIZATION_PREFERS_STRING_CATALOGS = YES;
				MTL_ENABLE_DEBUG_INFO = INCLUDE_SOURCE;
				MTL_FAST_MATH = YES;
				ONLY_ACTIVE_ARCH = YES;
				SDKROOT = iphoneos;
				SWIFT_ACTIVE_COMPILATION_CONDITIONS = "DEBUG $(inherited)";
				SWIFT_OPTIMIZATION_LEVEL = "-Onone";
			};
			name = Debug;
		};
		E283148E2C21B37D00A6335D /* Release */ = {
			isa = XCBuildConfiguration;
			buildSettings = {
				ALWAYS_SEARCH_USER_PATHS = NO;
				ASSETCATALOG_COMPILER_GENERATE_SWIFT_ASSET_SYMBOL_EXTENSIONS = YES;
				CLANG_ANALYZER_NONNULL = YES;
				CLANG_ANALYZER_NUMBER_OBJECT_CONVERSION = YES_AGGRESSIVE;
				CLANG_CXX_LANGUAGE_STANDARD = "gnu++20";
				CLANG_ENABLE_MODULES = YES;
				CLANG_ENABLE_OBJC_ARC = YES;
				CLANG_ENABLE_OBJC_WEAK = YES;
				CLANG_WARN_BLOCK_CAPTURE_AUTORELEASING = YES;
				CLANG_WARN_BOOL_CONVERSION = YES;
				CLANG_WARN_COMMA = YES;
				CLANG_WARN_CONSTANT_CONVERSION = YES;
				CLANG_WARN_DEPRECATED_OBJC_IMPLEMENTATIONS = YES;
				CLANG_WARN_DIRECT_OBJC_ISA_USAGE = YES_ERROR;
				CLANG_WARN_DOCUMENTATION_COMMENTS = YES;
				CLANG_WARN_EMPTY_BODY = YES;
				CLANG_WARN_ENUM_CONVERSION = YES;
				CLANG_WARN_INFINITE_RECURSION = YES;
				CLANG_WARN_INT_CONVERSION = YES;
				CLANG_WARN_NON_LITERAL_NULL_CONVERSION = YES;
				CLANG_WARN_OBJC_IMPLICIT_RETAIN_SELF = YES;
				CLANG_WARN_OBJC_LITERAL_CONVERSION = YES;
				CLANG_WARN_OBJC_ROOT_CLASS = YES_ERROR;
				CLANG_WARN_QUOTED_INCLUDE_IN_FRAMEWORK_HEADER = YES;
				CLANG_WARN_RANGE_LOOP_ANALYSIS = YES;
				CLANG_WARN_STRICT_PROTOTYPES = YES;
				CLANG_WARN_SUSPICIOUS_MOVE = YES;
				CLANG_WARN_UNGUARDED_AVAILABILITY = YES_AGGRESSIVE;
				CLANG_WARN_UNREACHABLE_CODE = YES;
				CLANG_WARN__DUPLICATE_METHOD_MATCH = YES;
				COPY_PHASE_STRIP = NO;
				DEBUG_INFORMATION_FORMAT = "dwarf-with-dsym";
				ENABLE_NS_ASSERTIONS = NO;
				ENABLE_STRICT_OBJC_MSGSEND = YES;
				ENABLE_USER_SCRIPT_SANDBOXING = YES;
				GCC_C_LANGUAGE_STANDARD = gnu17;
				GCC_NO_COMMON_BLOCKS = YES;
				GCC_WARN_64_TO_32_BIT_CONVERSION = YES;
				GCC_WARN_ABOUT_RETURN_TYPE = YES_ERROR;
				GCC_WARN_UNDECLARED_SELECTOR = YES;
				GCC_WARN_UNINITIALIZED_AUTOS = YES_AGGRESSIVE;
				GCC_WARN_UNUSED_FUNCTION = YES;
				GCC_WARN_UNUSED_VARIABLE = YES;
				IPHONEOS_DEPLOYMENT_TARGET = 17.5;
				LOCALIZATION_PREFERS_STRING_CATALOGS = YES;
				MTL_ENABLE_DEBUG_INFO = NO;
				MTL_FAST_MATH = YES;
				SDKROOT = iphoneos;
				SWIFT_COMPILATION_MODE = wholemodule;
				VALIDATE_PRODUCT = YES;
			};
			name = Release;
		};
		E28314902C21B37D00A6335D /* Debug */ = {
			isa = XCBuildConfiguration;
			buildSettings = {
				ASSETCATALOG_COMPILER_APPICON_NAME = AppIcon;
				ASSETCATALOG_COMPILER_GLOBAL_ACCENT_COLOR_NAME = AccentColor;
				CODE_SIGN_STYLE = Automatic;
				CURRENT_PROJECT_VERSION = 1;
				DEVELOPMENT_ASSET_PATHS = "\"GigaWord/Preview Content\"";
				DEVELOPMENT_TEAM = E5CK484QL8;
				ENABLE_PREVIEWS = YES;
				GENERATE_INFOPLIST_FILE = YES;
				INFOPLIST_KEY_CFBundleDisplayName = "The Great GigaWord Experience";
				INFOPLIST_KEY_UIApplicationSceneManifest_Generation = YES;
				INFOPLIST_KEY_UIApplicationSupportsIndirectInputEvents = YES;
				INFOPLIST_KEY_UILaunchScreen_Generation = YES;
				INFOPLIST_KEY_UIStatusBarStyle = "";
				INFOPLIST_KEY_UISupportedInterfaceOrientations_iPad = "UIInterfaceOrientationPortrait UIInterfaceOrientationPortraitUpsideDown UIInterfaceOrientationLandscapeLeft UIInterfaceOrientationLandscapeRight";
				INFOPLIST_KEY_UISupportedInterfaceOrientations_iPhone = "UIInterfaceOrientationPortrait UIInterfaceOrientationLandscapeLeft UIInterfaceOrientationLandscapeRight";
				LD_RUNPATH_SEARCH_PATHS = (
					"$(inherited)",
					"@executable_path/Frameworks",
				);
				MARKETING_VERSION = 1.0;
				PRODUCT_BUNDLE_IDENTIFIER = ordtidni.GigaWord;
				PRODUCT_NAME = "$(TARGET_NAME)";
				SWIFT_EMIT_LOC_STRINGS = YES;
				SWIFT_VERSION = 5.0;
				TARGETED_DEVICE_FAMILY = "1,2";
			};
			name = Debug;
		};
		E28314912C21B37D00A6335D /* Release */ = {
			isa = XCBuildConfiguration;
			buildSettings = {
				ASSETCATALOG_COMPILER_APPICON_NAME = AppIcon;
				ASSETCATALOG_COMPILER_GLOBAL_ACCENT_COLOR_NAME = AccentColor;
				CODE_SIGN_STYLE = Automatic;
				CURRENT_PROJECT_VERSION = 1;
				DEVELOPMENT_ASSET_PATHS = "\"GigaWord/Preview Content\"";
				DEVELOPMENT_TEAM = E5CK484QL8;
				ENABLE_PREVIEWS = YES;
				GENERATE_INFOPLIST_FILE = YES;
				INFOPLIST_KEY_CFBundleDisplayName = "The Great GigaWord Experience";
				INFOPLIST_KEY_UIApplicationSceneManifest_Generation = YES;
				INFOPLIST_KEY_UIApplicationSupportsIndirectInputEvents = YES;
				INFOPLIST_KEY_UILaunchScreen_Generation = YES;
				INFOPLIST_KEY_UIStatusBarStyle = "";
				INFOPLIST_KEY_UISupportedInterfaceOrientations_iPad = "UIInterfaceOrientationPortrait UIInterfaceOrientationPortraitUpsideDown UIInterfaceOrientationLandscapeLeft UIInterfaceOrientationLandscapeRight";
				INFOPLIST_KEY_UISupportedInterfaceOrientations_iPhone = "UIInterfaceOrientationPortrait UIInterfaceOrientationLandscapeLeft UIInterfaceOrientationLandscapeRight";
				LD_RUNPATH_SEARCH_PATHS = (
					"$(inherited)",
					"@executable_path/Frameworks",
				);
				MARKETING_VERSION = 1.0;
				PRODUCT_BUNDLE_IDENTIFIER = ordtidni.GigaWord;
				PRODUCT_NAME = "$(TARGET_NAME)";
				SWIFT_EMIT_LOC_STRINGS = YES;
				SWIFT_VERSION = 5.0;
				TARGETED_DEVICE_FAMILY = "1,2";
			};
			name = Release;
		};
		E28314932C21B37D00A6335D /* Debug */ = {
			isa = XCBuildConfiguration;
			buildSettings = {
				ALWAYS_EMBED_SWIFT_STANDARD_LIBRARIES = YES;
				BUNDLE_LOADER = "$(TEST_HOST)";
				CODE_SIGN_STYLE = Automatic;
				CURRENT_PROJECT_VERSION = 1;
				DEVELOPMENT_TEAM = E5CK484QL8;
				GENERATE_INFOPLIST_FILE = YES;
				IPHONEOS_DEPLOYMENT_TARGET = 17.5;
				MARKETING_VERSION = 1.0;
				PRODUCT_BUNDLE_IDENTIFIER = ordtidni.GigaWordTests;
				PRODUCT_NAME = "$(TARGET_NAME)";
				SWIFT_EMIT_LOC_STRINGS = NO;
				SWIFT_VERSION = 5.0;
				TARGETED_DEVICE_FAMILY = "1,2";
				TEST_HOST = "$(BUILT_PRODUCTS_DIR)/GigaWord.app/$(BUNDLE_EXECUTABLE_FOLDER_PATH)/GigaWord";
			};
			name = Debug;
		};
		E28314942C21B37D00A6335D /* Release */ = {
			isa = XCBuildConfiguration;
			buildSettings = {
				ALWAYS_EMBED_SWIFT_STANDARD_LIBRARIES = YES;
				BUNDLE_LOADER = "$(TEST_HOST)";
				CODE_SIGN_STYLE = Automatic;
				CURRENT_PROJECT_VERSION = 1;
				DEVELOPMENT_TEAM = E5CK484QL8;
				GENERATE_INFOPLIST_FILE = YES;
				IPHONEOS_DEPLOYMENT_TARGET = 17.5;
				MARKETING_VERSION = 1.0;
				PRODUCT_BUNDLE_IDENTIFIER = ordtidni.GigaWordTests;
				PRODUCT_NAME = "$(TARGET_NAME)";
				SWIFT_EMIT_LOC_STRINGS = NO;
				SWIFT_VERSION = 5.0;
				TARGETED_DEVICE_FAMILY = "1,2";
				TEST_HOST = "$(BUILT_PRODUCTS_DIR)/GigaWord.app/$(BUNDLE_EXECUTABLE_FOLDER_PATH)/GigaWord";
			};
			name = Release;
		};
		E28314962C21B37D00A6335D /* Debug */ = {
			isa = XCBuildConfiguration;
			buildSettings = {
				ALWAYS_EMBED_SWIFT_STANDARD_LIBRARIES = YES;
				CODE_SIGN_STYLE = Automatic;
				CURRENT_PROJECT_VERSION = 1;
				DEVELOPMENT_TEAM = E5CK484QL8;
				GENERATE_INFOPLIST_FILE = YES;
				MARKETING_VERSION = 1.0;
				PRODUCT_BUNDLE_IDENTIFIER = ordtidni.GigaWordUITests;
				PRODUCT_NAME = "$(TARGET_NAME)";
				SWIFT_EMIT_LOC_STRINGS = NO;
				SWIFT_VERSION = 5.0;
				TARGETED_DEVICE_FAMILY = "1,2";
				TEST_TARGET_NAME = GigaWord;
			};
			name = Debug;
		};
		E28314972C21B37D00A6335D /* Release */ = {
			isa = XCBuildConfiguration;
			buildSettings = {
				ALWAYS_EMBED_SWIFT_STANDARD_LIBRARIES = YES;
				CODE_SIGN_STYLE = Automatic;
				CURRENT_PROJECT_VERSION = 1;
				DEVELOPMENT_TEAM = E5CK484QL8;
				GENERATE_INFOPLIST_FILE = YES;
				MARKETING_VERSION = 1.0;
				PRODUCT_BUNDLE_IDENTIFIER = ordtidni.GigaWordUITests;
				PRODUCT_NAME = "$(TARGET_NAME)";
				SWIFT_EMIT_LOC_STRINGS = NO;
				SWIFT_VERSION = 5.0;
				TARGETED_DEVICE_FAMILY = "1,2";
				TEST_TARGET_NAME = GigaWord;
			};
			name = Release;
		};
/* End XCBuildConfiguration section */

/* Begin XCConfigurationList section */
		E28314662C21B37B00A6335D /* Build configuration list for PBXProject "GigaWord" */ = {
			isa = XCConfigurationList;
			buildConfigurations = (
				E283148D2C21B37D00A6335D /* Debug */,
				E283148E2C21B37D00A6335D /* Release */,
			);
			defaultConfigurationIsVisible = 0;
			defaultConfigurationName = Release;
		};
		E283148F2C21B37D00A6335D /* Build configuration list for PBXNativeTarget "GigaWord" */ = {
			isa = XCConfigurationList;
			buildConfigurations = (
				E28314902C21B37D00A6335D /* Debug */,
				E28314912C21B37D00A6335D /* Release */,
			);
			defaultConfigurationIsVisible = 0;
			defaultConfigurationName = Release;
		};
		E28314922C21B37D00A6335D /* Build configuration list for PBXNativeTarget "GigaWordTests" */ = {
			isa = XCConfigurationList;
			buildConfigurations = (
				E28314932C21B37D00A6335D /* Debug */,
				E28314942C21B37D00A6335D /* Release */,
			);
			defaultConfigurationIsVisible = 0;
			defaultConfigurationName = Release;
		};
		E28314952C21B37D00A6335D /* Build configuration list for PBXNativeTarget "GigaWordUITests" */ = {
			isa = XCConfigurationList;
			buildConfigurations = (
				E28314962C21B37D00A6335D /* Debug */,
				E28314972C21B37D00A6335D /* Release */,
			);
			defaultConfigurationIsVisible = 0;
			defaultConfigurationName = Release;
		};
/* End XCConfigurationList section */

/* Begin XCRemoteSwiftPackageReference section */
		E2860D292C25B0C80061E9B6 /* XCRemoteSwiftPackageReference "duckdb-swift" */ = {
			isa = XCRemoteSwiftPackageReference;
			repositoryURL = "https://github.com/duckdb/duckdb-swift.git";
			requirement = {
				kind = upToNextMajorVersion;
				minimumVersion = 0.9.0;
			};
		};
/* End XCRemoteSwiftPackageReference section */

/* Begin XCSwiftPackageProductDependency section */
		E2860D2A2C25B0C80061E9B6 /* DuckDB */ = {
			isa = XCSwiftPackageProductDependency;
			package = E2860D292C25B0C80061E9B6 /* XCRemoteSwiftPackageReference "duckdb-swift" */;
			productName = DuckDB;
		};
/* End XCSwiftPackageProductDependency section */
	};
	rootObject = E28314632C21B37B00A6335D /* Project object */;
}
