{
  "originHash" : "41bc94ca92673f3c18ec745dd62311570c15046a12bcf677c2a55504bab520ed",
  "pins" : [
    {
      "identity" : "duckdb-swift",
      "kind" : "remoteSourceControl",
      "location" : "https://github.com/duckdb/duckdb-swift.git",
      "state" : {
        "revision" : "7503470332035ea1d784e4c18a85ffcef41b21ab",
        "version" : "1.0.1-dev2361"
      }
    }
  ],
  "version" : 3
}
